// !$*UTF8*$!
{
	archiveVersion = 1;
	classes = {
	};
	objectVersion = 77;
	objects = {

/* Begin PBXBuildFile section */
		EC01E7E82DDC3BEA006EF529 /* log4j2.xml in Resources */ = {isa = PBXBuildFile; fileRef = EC01E7E62DDC3BEA006EF529 /* log4j2.xml */; };
		EC01E7E92DDC3BEA006EF529 /* log4j2-1.12-.xml in Resources */ = {isa = PBXBuildFile; fileRef = EC01E7E72DDC3BEA006EF529 /* log4j2-1.12-.xml */; };
		EC23B6332DE5DC5B00CBEA9C /* PCL.ttf in Resources */ = {isa = PBXBuildFile; fileRef = EC23B6322DE5DC5B00CBEA9C /* PCL.ttf */; };
		EC9507372DFCF17700018EE0 /* SwiftyJSON in Frameworks */ = {isa = PBXBuildFile; productRef = EC9507362DFCF17700018EE0 /* SwiftyJSON */; };
		EC9A7DCA2DE150170018815F /* glfw-patcher.jar in Resources */ = {isa = PBXBuildFile; fileRef = EC9A7DC82DE1500F0018815F /* glfw-patcher.jar */; };
		ECA55A702E0415BE006499CC /* Alamofire in Frameworks */ = {isa = PBXBuildFile; productRef = ECA55A6F2E0415BE006499CC /* Alamofire */; };
		ECDBF0CC2E1124C500E81482 /* ZIPFoundation in Frameworks */ = {isa = PBXBuildFile; productRef = ECDBF0CB2E1124C500E81482 /* ZIPFoundation */; };
/* End PBXBuildFile section */

/* Begin PBXContainerItemProxy section */
		ECA5D8E02DD99A4C006C58F7 /* PBXContainerItemProxy */ = {
			isa = PBXContainerItemProxy;
			containerPortal = EC9EAEC12DD85E48006CEDCC /* Project object */;
			proxyType = 1;
			remoteGlobalIDString = EC9EAEC82DD85E48006CEDCC;
			remoteInfo = "PCL-Mac";
		};
/* End PBXContainerItemProxy section */

/* Begin PBXFileReference section */
		EC01E7E62DDC3BEA006EF529 /* log4j2.xml */ = {isa = PBXFileReference; lastKnownFileType = text.xml; path = log4j2.xml; sourceTree = "<group>"; };
		EC01E7E72DDC3BEA006EF529 /* log4j2-1.12-.xml */ = {isa = PBXFileReference; lastKnownFileType = text.xml; path = "log4j2-1.12-.xml"; sourceTree = "<group>"; };
		EC23B6322DE5DC5B00CBEA9C /* PCL.ttf */ = {isa = PBXFileReference; lastKnownFileType = file; path = PCL.ttf; sourceTree = "<group>"; };
		EC9A7DC82DE1500F0018815F /* glfw-patcher.jar */ = {isa = PBXFileReference; lastKnownFileType = archive.jar; path = "glfw-patcher.jar"; sourceTree = "<group>"; };
		EC9EAEC92DD85E48006CEDCC /* PCL-Mac.app */ = {isa = PBXFileReference; explicitFileType = wrapper.application; includeInIndex = 0; path = "PCL-Mac.app"; sourceTree = BUILT_PRODUCTS_DIR; };
		ECA5D8DC2DD99A4C006C58F7 /* PCL-MacTests.xctest */ = {isa = PBXFileReference; explicitFileType = wrapper.cfbundle; includeInIndex = 0; path = "PCL-MacTests.xctest"; sourceTree = BUILT_PRODUCTS_DIR; };
/* End PBXFileReference section */

/* Begin PBXFileSystemSynchronizedBuildFileExceptionSet section */
		ECD256602DDBE69800A0F233 /* Exceptions for "PCL-Mac" folder in "PCL-Mac" target */ = {
			isa = PBXFileSystemSynchronizedBuildFileExceptionSet;
			membershipExceptions = (
				Info.plist,
			);
			target = EC9EAEC82DD85E48006CEDCC /* PCL-Mac */;
		};
/* End PBXFileSystemSynchronizedBuildFileExceptionSet section */

/* Begin PBXFileSystemSynchronizedRootGroup section */
		EC9EAECB2DD85E48006CEDCC /* PCL-Mac */ = {
			isa = PBXFileSystemSynchronizedRootGroup;
			exceptions = (
				ECD256602DDBE69800A0F233 /* Exceptions for "PCL-Mac" folder in "PCL-Mac" target */,
			);
			path = "PCL-Mac";
			sourceTree = "<group>";
		};
		ECA5D8DD2DD99A4C006C58F7 /* PCL-MacTests */ = {
			isa = PBXFileSystemSynchronizedRootGroup;
			path = "PCL-MacTests";
			sourceTree = "<group>";
		};
/* End PBXFileSystemSynchronizedRootGroup section */

/* Begin PBXFrameworksBuildPhase section */
		EC9EAEC62DD85E48006CEDCC /* Frameworks */ = {
			isa = PBXFrameworksBuildPhase;
			buildActionMask = 2147483647;
			files = (
				ECA55A702E0415BE006499CC /* Alamofire in Frameworks */,
				EC9507372DFCF17700018EE0 /* SwiftyJSON in Frameworks */,
				ECDBF0CC2E1124C500E81482 /* ZIPFoundation in Frameworks */,
			);
			runOnlyForDeploymentPostprocessing = 0;
		};
		ECA5D8D92DD99A4C006C58F7 /* Frameworks */ = {
			isa = PBXFrameworksBuildPhase;
			buildActionMask = 2147483647;
			files = (
			);
			runOnlyForDeploymentPostprocessing = 0;
		};
/* End PBXFrameworksBuildPhase section */

/* Begin PBXGroup section */
		EC01E7E52DDC3BD2006EF529 /* Resources */ = {
			isa = PBXGroup;
			children = (
				EC23B6322DE5DC5B00CBEA9C /* PCL.ttf */,
				EC9A7DC82DE1500F0018815F /* glfw-patcher.jar */,
				EC01E7E62DDC3BEA006EF529 /* log4j2.xml */,
				EC01E7E72DDC3BEA006EF529 /* log4j2-1.12-.xml */,
			);
			path = Resources;
			sourceTree = "<group>";
		};
		EC84E73F2DDD56E500524871 /* Frameworks */ = {
			isa = PBXGroup;
			children = (
			);
			name = Frameworks;
			sourceTree = "<group>";
		};
		EC9EAEC02DD85E48006CEDCC = {
			isa = PBXGroup;
			children = (
				EC01E7E52DDC3BD2006EF529 /* Resources */,
				EC9EAECB2DD85E48006CEDCC /* PCL-Mac */,
				ECA5D8DD2DD99A4C006C58F7 /* PCL-MacTests */,
				EC84E73F2DDD56E500524871 /* Frameworks */,
				EC9EAECA2DD85E48006CEDCC /* Products */,
			);
			sourceTree = "<group>";
		};
		EC9EAECA2DD85E48006CEDCC /* Products */ = {
			isa = PBXGroup;
			children = (
				EC9EAEC92DD85E48006CEDCC /* PCL-Mac.app */,
				ECA5D8DC2DD99A4C006C58F7 /* PCL-MacTests.xctest */,
			);
			name = Products;
			sourceTree = "<group>";
		};
/* End PBXGroup section */

/* Begin PBXNativeTarget section */
		EC9EAEC82DD85E48006CEDCC /* PCL-Mac */ = {
			isa = PBXNativeTarget;
			buildConfigurationList = EC9EAED82DD85E49006CEDCC /* Build configuration list for PBXNativeTarget "PCL-Mac" */;
			buildPhases = (
				EC9EAEC52DD85E48006CEDCC /* Sources */,
				EC9EAEC62DD85E48006CEDCC /* Frameworks */,
				EC9EAEC72DD85E48006CEDCC /* Resources */,
				EC10129C2E14D13F00BD8D8B /* Run Script */,
			);
			buildRules = (
			);
			dependencies = (
			);
			fileSystemSynchronizedGroups = (
				EC9EAECB2DD85E48006CEDCC /* PCL-Mac */,
			);
			name = "PCL-Mac";
			packageProductDependencies = (
				EC9507362DFCF17700018EE0 /* SwiftyJSON */,
				ECA55A6F2E0415BE006499CC /* Alamofire */,
				ECDBF0CB2E1124C500E81482 /* ZIPFoundation */,
			);
			productName = "PCL-Mac";
			productReference = EC9EAEC92DD85E48006CEDCC /* PCL-Mac.app */;
			productType = "com.apple.product-type.application";
		};
		ECA5D8DB2DD99A4C006C58F7 /* PCL-MacTests */ = {
			isa = PBXNativeTarget;
			buildConfigurationList = ECA5D8E22DD99A4C006C58F7 /* Build configuration list for PBXNativeTarget "PCL-MacTests" */;
			buildPhases = (
				ECA5D8D82DD99A4C006C58F7 /* Sources */,
				ECA5D8D92DD99A4C006C58F7 /* Frameworks */,
				ECA5D8DA2DD99A4C006C58F7 /* Resources */,
			);
			buildRules = (
			);
			dependencies = (
				ECA5D8E12DD99A4C006C58F7 /* PBXTargetDependency */,
			);
			fileSystemSynchronizedGroups = (
				ECA5D8DD2DD99A4C006C58F7 /* PCL-MacTests */,
			);
			name = "PCL-MacTests";
			packageProductDependencies = (
			);
			productName = "PCL-MacTests";
			productReference = ECA5D8DC2DD99A4C006C58F7 /* PCL-MacTests.xctest */;
			productType = "com.apple.product-type.bundle.unit-test";
		};
/* End PBXNativeTarget section */

/* Begin PBXProject section */
		EC9EAEC12DD85E48006CEDCC /* Project object */ = {
			isa = PBXProject;
			attributes = {
				BuildIndependentTargetsInParallel = 1;
				LastSwiftUpdateCheck = 1620;
				LastUpgradeCheck = 1620;
				TargetAttributes = {
					EC9EAEC82DD85E48006CEDCC = {
						CreatedOnToolsVersion = 16.2;
					};
					ECA5D8DB2DD99A4C006C58F7 = {
						CreatedOnToolsVersion = 16.2;
						TestTargetID = EC9EAEC82DD85E48006CEDCC;
					};
				};
			};
			buildConfigurationList = EC9EAEC42DD85E48006CEDCC /* Build configuration list for PBXProject "PCL-Mac" */;
			developmentRegion = "zh-Hans";
			hasScannedForEncodings = 0;
			knownRegions = (
				en,
				Base,
				"zh-Hans",
			);
			mainGroup = EC9EAEC02DD85E48006CEDCC;
			minimizedProjectReferenceProxies = 1;
			packageReferences = (
				EC9507352DFCF17700018EE0 /* XCRemoteSwiftPackageReference "SwiftyJSON" */,
				ECA55A6E2E0415BE006499CC /* XCRemoteSwiftPackageReference "Alamofire" */,
				ECDBF0CA2E1124C500E81482 /* XCRemoteSwiftPackageReference "ZIPFoundation" */,
			);
			preferredProjectObjectVersion = 77;
			productRefGroup = EC9EAECA2DD85E48006CEDCC /* Products */;
			projectDirPath = "";
			projectRoot = "";
			targets = (
				EC9EAEC82DD85E48006CEDCC /* PCL-Mac */,
				ECA5D8DB2DD99A4C006C58F7 /* PCL-MacTests */,
			);
		};
/* End PBXProject section */

/* Begin PBXResourcesBuildPhase section */
		EC9EAEC72DD85E48006CEDCC /* Resources */ = {
			isa = PBXResourcesBuildPhase;
			buildActionMask = 2147483647;
			files = (
				EC9A7DCA2DE150170018815F /* glfw-patcher.jar in Resources */,
				EC01E7E82DDC3BEA006EF529 /* log4j2.xml in Resources */,
				EC23B6332DE5DC5B00CBEA9C /* PCL.ttf in Resources */,
				EC01E7E92DDC3BEA006EF529 /* log4j2-1.12-.xml in Resources */,
			);
			runOnlyForDeploymentPostprocessing = 0;
		};
		ECA5D8DA2DD99A4C006C58F7 /* Resources */ = {
			isa = PBXResourcesBuildPhase;
			buildActionMask = 2147483647;
			files = (
			);
			runOnlyForDeploymentPostprocessing = 0;
		};
/* End PBXResourcesBuildPhase section */

/* Begin PBXShellScriptBuildPhase section */
		EC10129C2E14D13F00BD8D8B /* Run Script */ = {
			isa = PBXShellScriptBuildPhase;
			buildActionMask = 2147483647;
			files = (
			);
			inputFileListPaths = (
			);
			inputPaths = (
				"$(SRCROOT)/.env.local",
			);
			name = "Run Script";
			outputFileListPaths = (
			);
			outputPaths = (
				"$(SRCROOT)/PCL-Mac/Info.plist",
			);
			runOnlyForDeploymentPostprocessing = 0;
			shellPath = /bin/sh;
			shellScript = "PLIST=\"${SRCROOT}/PCL-Mac/Info.plist\"\nENV_FILE=\"$SCRIPT_INPUT_FILE_0\"\n\nif [ -f \"$ENV_FILE\" ]; then\n  CLIENT_ID=$(grep CLIENT_ID \"$ENV_FILE\" | cut -d '=' -f2- | tr -d '\\r')\n  \n  if [ -n \"$CLIENT_ID\" ]; then\n    /usr/libexec/PlistBuddy -c \"Set :CLIENT_ID $CLIENT_ID\" \"$PLIST\"\n    echo \"CLIENT_ID updated in Info.plist\"\n  else\n    echo \"CLIENT_ID not found in $ENV_FILE, skip replace\"\n  fi\nelse\n  echo \"$ENV_FILE not found, skip CLIENT_ID replace\"\nfi\n";
		};
/* End PBXShellScriptBuildPhase section */

/* Begin PBXSourcesBuildPhase section */
		EC9EAEC52DD85E48006CEDCC /* Sources */ = {
			isa = PBXSourcesBuildPhase;
			buildActionMask = 2147483647;
			files = (
			);
			runOnlyForDeploymentPostprocessing = 0;
		};
		ECA5D8D82DD99A4C006C58F7 /* Sources */ = {
			isa = PBXSourcesBuildPhase;
			buildActionMask = 2147483647;
			files = (
			);
			runOnlyForDeploymentPostprocessing = 0;
		};
/* End PBXSourcesBuildPhase section */

/* Begin PBXTargetDependency section */
		ECA5D8E12DD99A4C006C58F7 /* PBXTargetDependency */ = {
			isa = PBXTargetDependency;
			target = EC9EAEC82DD85E48006CEDCC /* PCL-Mac */;
			targetProxy = ECA5D8E02DD99A4C006C58F7 /* PBXContainerItemProxy */;
		};
/* End PBXTargetDependency section */

/* Begin XCBuildConfiguration section */
		EC9EAED62DD85E49006CEDCC /* Debug */ = {
			isa = XCBuildConfiguration;
			buildSettings = {
				ALWAYS_SEARCH_USER_PATHS = NO;
				ASSETCATALOG_COMPILER_GENERATE_SWIFT_ASSET_SYMBOL_EXTENSIONS = YES;
				CLANG_ANALYZER_NONNULL = YES;
				CLANG_ANALYZER_NUMBER_OBJECT_CONVERSION = YES_AGGRESSIVE;
				CLANG_CXX_LANGUAGE_STANDARD = "gnu++20";
				CLANG_ENABLE_MODULES = YES;
				CLANG_ENABLE_OBJC_ARC = YES;
				CLANG_ENABLE_OBJC_WEAK = YES;
				CLANG_WARN_BLOCK_CAPTURE_AUTORELEASING = YES;
				CLANG_WARN_BOOL_CONVERSION = YES;
				CLANG_WARN_COMMA = YES;
				CLANG_WARN_CONSTANT_CONVERSION = YES;
				CLANG_WARN_DEPRECATED_OBJC_IMPLEMENTATIONS = YES;
				CLANG_WARN_DIRECT_OBJC_ISA_USAGE = YES_ERROR;
				CLANG_WARN_DOCUMENTATION_COMMENTS = YES;
				CLANG_WARN_EMPTY_BODY = YES;
				CLANG_WARN_ENUM_CONVERSION = YES;
				CLANG_WARN_INFINITE_RECURSION = YES;
				CLANG_WARN_INT_CONVERSION = YES;
				CLANG_WARN_NON_LITERAL_NULL_CONVERSION = YES;
				CLANG_WARN_OBJC_IMPLICIT_RETAIN_SELF = YES;
				CLANG_WARN_OBJC_LITERAL_CONVERSION = YES;
				CLANG_WARN_OBJC_ROOT_CLASS = YES_ERROR;
				CLANG_WARN_QUOTED_INCLUDE_IN_FRAMEWORK_HEADER = YES;
				CLANG_WARN_RANGE_LOOP_ANALYSIS = YES;
				CLANG_WARN_STRICT_PROTOTYPES = YES;
				CLANG_WARN_SUSPICIOUS_MOVE = YES;
				CLANG_WARN_UNGUARDED_AVAILABILITY = YES_AGGRESSIVE;
				CLANG_WARN_UNREACHABLE_CODE = YES;
				CLANG_WARN__DUPLICATE_METHOD_MATCH = YES;
				COPY_PHASE_STRIP = NO;
				DEBUG_INFORMATION_FORMAT = dwarf;
				ENABLE_STRICT_OBJC_MSGSEND = YES;
				ENABLE_TESTABILITY = YES;
				ENABLE_USER_SCRIPT_SANDBOXING = YES;
				GCC_C_LANGUAGE_STANDARD = gnu17;
				GCC_DYNAMIC_NO_PIC = NO;
				GCC_NO_COMMON_BLOCKS = YES;
				GCC_OPTIMIZATION_LEVEL = 0;
				GCC_PREPROCESSOR_DEFINITIONS = (
					"DEBUG=1",
					"$(inherited)",
				);
				GCC_WARN_64_TO_32_BIT_CONVERSION = YES;
				GCC_WARN_ABOUT_RETURN_TYPE = YES_ERROR;
				GCC_WARN_UNDECLARED_SELECTOR = YES;
				GCC_WARN_UNINITIALIZED_AUTOS = YES_AGGRESSIVE;
				GCC_WARN_UNUSED_FUNCTION = YES;
				GCC_WARN_UNUSED_VARIABLE = YES;
				LOCALIZATION_PREFERS_STRING_CATALOGS = YES;
				MACOSX_DEPLOYMENT_TARGET = 15.2;
				MTL_ENABLE_DEBUG_INFO = INCLUDE_SOURCE;
				MTL_FAST_MATH = YES;
				ONLY_ACTIVE_ARCH = YES;
				SDKROOT = macosx;
				SWIFT_ACTIVE_COMPILATION_CONDITIONS = "DEBUG $(inherited)";
				SWIFT_OPTIMIZATION_LEVEL = "-Onone";
			};
			name = Debug;
		};
		EC9EAED72DD85E49006CEDCC /* Release */ = {
			isa = XCBuildConfiguration;
			buildSettings = {
				ALWAYS_SEARCH_USER_PATHS = NO;
				ASSETCATALOG_COMPILER_GENERATE_SWIFT_ASSET_SYMBOL_EXTENSIONS = YES;
				CLANG_ANALYZER_NONNULL = YES;
				CLANG_ANALYZER_NUMBER_OBJECT_CONVERSION = YES_AGGRESSIVE;
				CLANG_CXX_LANGUAGE_STANDARD = "gnu++20";
				CLANG_ENABLE_MODULES = YES;
				CLANG_ENABLE_OBJC_ARC = YES;
				CLANG_ENABLE_OBJC_WEAK = YES;
				CLANG_WARN_BLOCK_CAPTURE_AUTORELEASING = YES;
				CLANG_WARN_BOOL_CONVERSION = YES;
				CLANG_WARN_COMMA = YES;
				CLANG_WARN_CONSTANT_CONVERSION = YES;
				CLANG_WARN_DEPRECATED_OBJC_IMPLEMENTATIONS = YES;
				CLANG_WARN_DIRECT_OBJC_ISA_USAGE = YES_ERROR;
				CLANG_WARN_DOCUMENTATION_COMMENTS = YES;
				CLANG_WARN_EMPTY_BODY = YES;
				CLANG_WARN_ENUM_CONVERSION = YES;
				CLANG_WARN_INFINITE_RECURSION = YES;
				CLANG_WARN_INT_CONVERSION = YES;
				CLANG_WARN_NON_LITERAL_NULL_CONVERSION = YES;
				CLANG_WARN_OBJC_IMPLICIT_RETAIN_SELF = YES;
				CLANG_WARN_OBJC_LITERAL_CONVERSION = YES;
				CLANG_WARN_OBJC_ROOT_CLASS = YES_ERROR;
				CLANG_WARN_QUOTED_INCLUDE_IN_FRAMEWORK_HEADER = YES;
				CLANG_WARN_RANGE_LOOP_ANALYSIS = YES;
				CLANG_WARN_STRICT_PROTOTYPES = YES;
				CLANG_WARN_SUSPICIOUS_MOVE = YES;
				CLANG_WARN_UNGUARDED_AVAILABILITY = YES_AGGRESSIVE;
				CLANG_WARN_UNREACHABLE_CODE = YES;
				CLANG_WARN__DUPLICATE_METHOD_MATCH = YES;
				COPY_PHASE_STRIP = NO;
				DEBUG_INFORMATION_FORMAT = "dwarf-with-dsym";
				ENABLE_NS_ASSERTIONS = NO;
				ENABLE_STRICT_OBJC_MSGSEND = YES;
				ENABLE_USER_SCRIPT_SANDBOXING = YES;
				GCC_C_LANGUAGE_STANDARD = gnu17;
				GCC_NO_COMMON_BLOCKS = YES;
				GCC_WARN_64_TO_32_BIT_CONVERSION = YES;
				GCC_WARN_ABOUT_RETURN_TYPE = YES_ERROR;
				GCC_WARN_UNDECLARED_SELECTOR = YES;
				GCC_WARN_UNINITIALIZED_AUTOS = YES_AGGRESSIVE;
				GCC_WARN_UNUSED_FUNCTION = YES;
				GCC_WARN_UNUSED_VARIABLE = YES;
				LOCALIZATION_PREFERS_STRING_CATALOGS = YES;
				MACOSX_DEPLOYMENT_TARGET = 15.2;
				MTL_ENABLE_DEBUG_INFO = NO;
				MTL_FAST_MATH = YES;
				SDKROOT = macosx;
				SWIFT_COMPILATION_MODE = wholemodule;
			};
			name = Release;
		};
		EC9EAED92DD85E49006CEDCC /* Debug */ = {
			isa = XCBuildConfiguration;
			buildSettings = {
				ASSETCATALOG_COMPILER_APPICON_NAME = AppIcon;
				ASSETCATALOG_COMPILER_GLOBAL_ACCENT_COLOR_NAME = AccentColor;
				ASSETCATALOG_COMPILER_INCLUDE_ALL_APPICON_ASSETS = YES;
				CODE_SIGN_ENTITLEMENTS = "PCL-Mac/PCL_Mac.entitlements";
				"CODE_SIGN_IDENTITY[sdk=macosx*]" = "-";
				CODE_SIGN_STYLE = Automatic;
				COMBINE_HIDPI_IMAGES = YES;
				CURRENT_PROJECT_VERSION = 1;
				DEVELOPMENT_ASSET_PATHS = "\"PCL-Mac/Preview Content\"";
				DEVELOPMENT_TEAM = "";
				ENABLE_HARDENED_RUNTIME = YES;
				ENABLE_PREVIEWS = YES;
				GENERATE_INFOPLIST_FILE = YES;
				INFOPLIST_FILE = "PCL-Mac/Info.plist";
				INFOPLIST_KEY_CFBundleDisplayName = "PCL Mac";
				INFOPLIST_KEY_LSApplicationCategoryType = "public.app-category.games";
				INFOPLIST_KEY_NSHumanReadableCopyright = "";
				LD_RUNPATH_SEARCH_PATHS = (
					"$(inherited)",
					"@executable_path/../Frameworks",
				);
				MACOSX_DEPLOYMENT_TARGET = 13.0;
				MARKETING_VERSION = 1.0;
				PRODUCT_BUNDLE_IDENTIFIER = "io.github.pcl-communtiy.PCL-Mac";
				PRODUCT_NAME = "$(TARGET_NAME)";
				SWIFT_EMIT_LOC_STRINGS = YES;
				SWIFT_VERSION = 5.0;
			};
			name = Debug;
		};
		EC9EAEDA2DD85E49006CEDCC /* Release */ = {
			isa = XCBuildConfiguration;
			buildSettings = {
				ASSETCATALOG_COMPILER_APPICON_NAME = AppIcon;
				ASSETCATALOG_COMPILER_GLOBAL_ACCENT_COLOR_NAME = AccentColor;
				ASSETCATALOG_COMPILER_INCLUDE_ALL_APPICON_ASSETS = YES;
				CODE_SIGN_ENTITLEMENTS = "PCL-Mac/PCL_Mac.entitlements";
				"CODE_SIGN_IDENTITY[sdk=macosx*]" = "-";
				CODE_SIGN_STYLE = Automatic;
				COMBINE_HIDPI_IMAGES = YES;
				CURRENT_PROJECT_VERSION = 1;
				DEVELOPMENT_ASSET_PATHS = "\"PCL-Mac/Preview Content\"";
				DEVELOPMENT_TEAM = "";
				ENABLE_HARDENED_RUNTIME = YES;
				ENABLE_PREVIEWS = YES;
				GENERATE_INFOPLIST_FILE = YES;
				INFOPLIST_FILE = "PCL-Mac/Info.plist";
				INFOPLIST_KEY_CFBundleDisplayName = "PCL Mac";
				INFOPLIST_KEY_LSApplicationCategoryType = "public.app-category.games";
				INFOPLIST_KEY_NSHumanReadableCopyright = "";
				LD_RUNPATH_SEARCH_PATHS = (
					"$(inherited)",
					"@executable_path/../Frameworks",
				);
				MACOSX_DEPLOYMENT_TARGET = 13.0;
				MARKETING_VERSION = 1.0;
				PRODUCT_BUNDLE_IDENTIFIER = "io.github.pcl-communtiy.PCL-Mac";
				PRODUCT_NAME = "$(TARGET_NAME)";
				SWIFT_EMIT_LOC_STRINGS = YES;
				SWIFT_VERSION = 5.0;
			};
			name = Release;
		};
		ECA5D8E32DD99A4C006C58F7 /* Debug */ = {
			isa = XCBuildConfiguration;
			buildSettings = {
				BUNDLE_LOADER = "$(TEST_HOST)";
				CODE_SIGN_STYLE = Automatic;
				CURRENT_PROJECT_VERSION = 1;
				GENERATE_INFOPLIST_FILE = YES;
				MARKETING_VERSION = 1.0;
				PRODUCT_BUNDLE_IDENTIFIER = "io.github.pcl-communtiy.PCL-MacTests";
				PRODUCT_NAME = "$(TARGET_NAME)";
				SWIFT_EMIT_LOC_STRINGS = NO;
				SWIFT_VERSION = 5.0;
				TEST_HOST = "$(BUILT_PRODUCTS_DIR)/PCL-Mac.app/$(BUNDLE_EXECUTABLE_FOLDER_PATH)/PCL-Mac";
			};
			name = Debug;
		};
		ECA5D8E42DD99A4C006C58F7 /* Release */ = {
			isa = XCBuildConfiguration;
			buildSettings = {
				BUNDLE_LOADER = "$(TEST_HOST)";
				CODE_SIGN_STYLE = Automatic;
				CURRENT_PROJECT_VERSION = 1;
				GENERATE_INFOPLIST_FILE = YES;
				MARKETING_VERSION = 1.0;
				PRODUCT_BUNDLE_IDENTIFIER = "io.github.pcl-communtiy.PCL-MacTests";
				PRODUCT_NAME = "$(TARGET_NAME)";
				SWIFT_EMIT_LOC_STRINGS = NO;
				SWIFT_VERSION = 5.0;
				TEST_HOST = "$(BUILT_PRODUCTS_DIR)/PCL-Mac.app/$(BUNDLE_EXECUTABLE_FOLDER_PATH)/PCL-Mac";
			};
			name = Release;
		};
/* End XCBuildConfiguration section */

/* Begin XCConfigurationList section */
		EC9EAEC42DD85E48006CEDCC /* Build configuration list for PBXProject "PCL-Mac" */ = {
			isa = XCConfigurationList;
			buildConfigurations = (
				EC9EAED62DD85E49006CEDCC /* Debug */,
				EC9EAED72DD85E49006CEDCC /* Release */,
			);
			defaultConfigurationIsVisible = 0;
			defaultConfigurationName = Release;
		};
		EC9EAED82DD85E49006CEDCC /* Build configuration list for PBXNativeTarget "PCL-Mac" */ = {
			isa = XCConfigurationList;
			buildConfigurations = (
				EC9EAED92DD85E49006CEDCC /* Debug */,
				EC9EAEDA2DD85E49006CEDCC /* Release */,
			);
			defaultConfigurationIsVisible = 0;
			defaultConfigurationName = Release;
		};
		ECA5D8E22DD99A4C006C58F7 /* Build configuration list for PBXNativeTarget "PCL-MacTests" */ = {
			isa = XCConfigurationList;
			buildConfigurations = (
				ECA5D8E32DD99A4C006C58F7 /* Debug */,
				ECA5D8E42DD99A4C006C58F7 /* Release */,
			);
			defaultConfigurationIsVisible = 0;
			defaultConfigurationName = Release;
		};
/* End XCConfigurationList section */

/* Begin XCRemoteSwiftPackageReference section */
		EC9507352DFCF17700018EE0 /* XCRemoteSwiftPackageReference "SwiftyJSON" */ = {
			isa = XCRemoteSwiftPackageReference;
			repositoryURL = "https://github.com/SwiftyJSON/SwiftyJSON";
			requirement = {
				kind = upToNextMajorVersion;
				minimumVersion = 5.0.2;
			};
		};
		ECA55A6E2E0415BE006499CC /* XCRemoteSwiftPackageReference "Alamofire" */ = {
			isa = XCRemoteSwiftPackageReference;
			repositoryURL = "https://github.com/Alamofire/Alamofire";
			requirement = {
				kind = upToNextMajorVersion;
				minimumVersion = 5.10.2;
			};
		};
		ECDBF0CA2E1124C500E81482 /* XCRemoteSwiftPackageReference "ZIPFoundation" */ = {
			isa = XCRemoteSwiftPackageReference;
			repositoryURL = "https://github.com/weichsel/ZIPFoundation";
			requirement = {
				kind = upToNextMajorVersion;
				minimumVersion = 0.9.19;
			};
		};
/* End XCRemoteSwiftPackageReference section */

/* Begin XCSwiftPackageProductDependency section */
		EC9507362DFCF17700018EE0 /* SwiftyJSON */ = {
			isa = XCSwiftPackageProductDependency;
			package = EC9507352DFCF17700018EE0 /* XCRemoteSwiftPackageReference "SwiftyJSON" */;
			productName = SwiftyJSON;
		};
		ECA55A6F2E0415BE006499CC /* Alamofire */ = {
			isa = XCSwiftPackageProductDependency;
			package = ECA55A6E2E0415BE006499CC /* XCRemoteSwiftPackageReference "Alamofire" */;
			productName = Alamofire;
		};
		ECDBF0CB2E1124C500E81482 /* ZIPFoundation */ = {
			isa = XCSwiftPackageProductDependency;
			package = ECDBF0CA2E1124C500E81482 /* XCRemoteSwiftPackageReference "ZIPFoundation" */;
			productName = ZIPFoundation;
		};
/* End XCSwiftPackageProductDependency section */
	};
	rootObject = EC9EAEC12DD85E48006CEDCC /* Project object */;
}
